// !$*UTF8*$!
{
	archiveVersion = 1;
	classes = {
	};
	objectVersion = 55;
	objects = {

/* Begin PBXBuildFile section */
		5690D3E72B11883200FAF4DC /* InventoryApp.swift in Sources */ = {isa = PBXBuildFile; fileRef = 5690D3E62B11883200FAF4DC /* InventoryApp.swift */; };
		5690D3E92B11883200FAF4DC /* ContentView.swift in Sources */ = {isa = PBXBuildFile; fileRef = 5690D3E82B11883200FAF4DC /* ContentView.swift */; };
		5690D3EB2B11883300FAF4DC /* Assets.xcassets in Resources */ = {isa = PBXBuildFile; fileRef = 5690D3EA2B11883300FAF4DC /* Assets.xcassets */; };
		5690D3EE2B11883300FAF4DC /* Preview Assets.xcassets in Resources */ = {isa = PBXBuildFile; fileRef = 5690D3ED2B11883300FAF4DC /* Preview Assets.xcassets */; };
		5690D3F02B11883300FAF4DC /* Persistence.swift in Sources */ = {isa = PBXBuildFile; fileRef = 5690D3EF2B11883300FAF4DC /* Persistence.swift */; };
		5690D3F32B11883300FAF4DC /* Inventory.xcdatamodeld in Sources */ = {isa = PBXBuildFile; fileRef = 5690D3F12B11883300FAF4DC /* Inventory.xcdatamodeld */; };
		5690D3FD2B11883300FAF4DC /* InventoryTests.swift in Sources */ = {isa = PBXBuildFile; fileRef = 5690D3FC2B11883300FAF4DC /* InventoryTests.swift */; };
		5690D4072B11883300FAF4DC /* InventoryUITests.swift in Sources */ = {isa = PBXBuildFile; fileRef = 5690D4062B11883300FAF4DC /* InventoryUITests.swift */; };
		5690D4092B11883300FAF4DC /* InventoryUITestsLaunchTests.swift in Sources */ = {isa = PBXBuildFile; fileRef = 5690D4082B11883300FAF4DC /* InventoryUITestsLaunchTests.swift */; };
		5690D4162B1188DE00FAF4DC /* ProductView.swift in Sources */ = {isa = PBXBuildFile; fileRef = 5690D4152B1188DE00FAF4DC /* ProductView.swift */; };
/* End PBXBuildFile section */

/* Begin PBXContainerItemProxy section */
		5690D3F92B11883300FAF4DC /* PBXContainerItemProxy */ = {
			isa = PBXContainerItemProxy;
			containerPortal = 5690D3DB2B11883200FAF4DC /* Project object */;
			proxyType = 1;
			remoteGlobalIDString = 5690D3E22B11883200FAF4DC;
			remoteInfo = Inventory;
		};
		5690D4032B11883300FAF4DC /* PBXContainerItemProxy */ = {
			isa = PBXContainerItemProxy;
			containerPortal = 5690D3DB2B11883200FAF4DC /* Project object */;
			proxyType = 1;
			remoteGlobalIDString = 5690D3E22B11883200FAF4DC;
			remoteInfo = Inventory;
		};
/* End PBXContainerItemProxy section */

/* Begin PBXFileReference section */
		5690D3E32B11883200FAF4DC /* Inventory.app */ = {isa = PBXFileReference; explicitFileType = wrapper.application; includeInIndex = 0; path = Inventory.app; sourceTree = BUILT_PRODUCTS_DIR; };
		5690D3E62B11883200FAF4DC /* InventoryApp.swift */ = {isa = PBXFileReference; lastKnownFileType = sourcecode.swift; path = InventoryApp.swift; sourceTree = "<group>"; };
		5690D3E82B11883200FAF4DC /* ContentView.swift */ = {isa = PBXFileReference; lastKnownFileType = sourcecode.swift; path = ContentView.swift; sourceTree = "<group>"; };
		5690D3EA2B11883300FAF4DC /* Assets.xcassets */ = {isa = PBXFileReference; lastKnownFileType = folder.assetcatalog; path = Assets.xcassets; sourceTree = "<group>"; };
		5690D3ED2B11883300FAF4DC /* Preview Assets.xcassets */ = {isa = PBXFileReference; lastKnownFileType = folder.assetcatalog; path = "Preview Assets.xcassets"; sourceTree = "<group>"; };
		5690D3EF2B11883300FAF4DC /* Persistence.swift */ = {isa = PBXFileReference; lastKnownFileType = sourcecode.swift; path = Persistence.swift; sourceTree = "<group>"; };
		5690D3F22B11883300FAF4DC /* Inventory.xcdatamodel */ = {isa = PBXFileReference; lastKnownFileType = wrapper.xcdatamodel; path = Inventory.xcdatamodel; sourceTree = "<group>"; };
		5690D3F82B11883300FAF4DC /* InventoryTests.xctest */ = {isa = PBXFileReference; explicitFileType = wrapper.cfbundle; includeInIndex = 0; path = InventoryTests.xctest; sourceTree = BUILT_PRODUCTS_DIR; };
		5690D3FC2B11883300FAF4DC /* InventoryTests.swift */ = {isa = PBXFileReference; lastKnownFileType = sourcecode.swift; path = InventoryTests.swift; sourceTree = "<group>"; };
		5690D4022B11883300FAF4DC /* InventoryUITests.xctest */ = {isa = PBXFileReference; explicitFileType = wrapper.cfbundle; includeInIndex = 0; path = InventoryUITests.xctest; sourceTree = BUILT_PRODUCTS_DIR; };
		5690D4062B11883300FAF4DC /* InventoryUITests.swift */ = {isa = PBXFileReference; lastKnownFileType = sourcecode.swift; path = InventoryUITests.swift; sourceTree = "<group>"; };
		5690D4082B11883300FAF4DC /* InventoryUITestsLaunchTests.swift */ = {isa = PBXFileReference; lastKnownFileType = sourcecode.swift; path = InventoryUITestsLaunchTests.swift; sourceTree = "<group>"; };
		5690D4152B1188DE00FAF4DC /* ProductView.swift */ = {isa = PBXFileReference; lastKnownFileType = sourcecode.swift; path = ProductView.swift; sourceTree = "<group>"; };
/* End PBXFileReference section */

/* Begin PBXFrameworksBuildPhase section */
		5690D3E02B11883200FAF4DC /* Frameworks */ = {
			isa = PBXFrameworksBuildPhase;
			buildActionMask = 2147483647;
			files = (
			);
			runOnlyForDeploymentPostprocessing = 0;
		};
		5690D3F52B11883300FAF4DC /* Frameworks */ = {
			isa = PBXFrameworksBuildPhase;
			buildActionMask = 2147483647;
			files = (
			);
			runOnlyForDeploymentPostprocessing = 0;
		};
		5690D3FF2B11883300FAF4DC /* Frameworks */ = {
			isa = PBXFrameworksBuildPhase;
			buildActionMask = 2147483647;
			files = (
			);
			runOnlyForDeploymentPostprocessing = 0;
		};
/* End PBXFrameworksBuildPhase section */

/* Begin PBXGroup section */
		5690D3DA2B11883200FAF4DC = {
			isa = PBXGroup;
			children = (
				5690D3E52B11883200FAF4DC /* Inventory */,
				5690D3FB2B11883300FAF4DC /* InventoryTests */,
				5690D4052B11883300FAF4DC /* InventoryUITests */,
				5690D3E42B11883200FAF4DC /* Products */,
			);
			sourceTree = "<group>";
		};
		5690D3E42B11883200FAF4DC /* Products */ = {
			isa = PBXGroup;
			children = (
				5690D3E32B11883200FAF4DC /* Inventory.app */,
				5690D3F82B11883300FAF4DC /* InventoryTests.xctest */,
				5690D4022B11883300FAF4DC /* InventoryUITests.xctest */,
			);
			name = Products;
			sourceTree = "<group>";
		};
		5690D3E52B11883200FAF4DC /* Inventory */ = {
			isa = PBXGroup;
			children = (
				5690D3E62B11883200FAF4DC /* InventoryApp.swift */,
				5690D3E82B11883200FAF4DC /* ContentView.swift */,
				5690D3EA2B11883300FAF4DC /* Assets.xcassets */,
				5690D3EF2B11883300FAF4DC /* Persistence.swift */,
				5690D3F12B11883300FAF4DC /* Inventory.xcdatamodeld */,
				5690D3EC2B11883300FAF4DC /* Preview Content */,
				5690D4152B1188DE00FAF4DC /* ProductView.swift */,
			);
			path = Inventory;
			sourceTree = "<group>";
		};
		5690D3EC2B11883300FAF4DC /* Preview Content */ = {
			isa = PBXGroup;
			children = (
				5690D3ED2B11883300FAF4DC /* Preview Assets.xcassets */,
			);
			path = "Preview Content";
			sourceTree = "<group>";
		};
		5690D3FB2B11883300FAF4DC /* InventoryTests */ = {
			isa = PBXGroup;
			children = (
				5690D3FC2B11883300FAF4DC /* InventoryTests.swift */,
			);
			path = InventoryTests;
			sourceTree = "<group>";
		};
		5690D4052B11883300FAF4DC /* InventoryUITests */ = {
			isa = PBXGroup;
			children = (
				5690D4062B11883300FAF4DC /* InventoryUITests.swift */,
				5690D4082B11883300FAF4DC /* InventoryUITestsLaunchTests.swift */,
			);
			path = InventoryUITests;
			sourceTree = "<group>";
		};
/* End PBXGroup section */

/* Begin PBXNativeTarget section */
		5690D3E22B11883200FAF4DC /* Inventory */ = {
			isa = PBXNativeTarget;
			buildConfigurationList = 5690D40C2B11883300FAF4DC /* Build configuration list for PBXNativeTarget "Inventory" */;
			buildPhases = (
				5690D3DF2B11883200FAF4DC /* Sources */,
				5690D3E02B11883200FAF4DC /* Frameworks */,
				5690D3E12B11883200FAF4DC /* Resources */,
			);
			buildRules = (
			);
			dependencies = (
			);
			name = Inventory;
			productName = Inventory;
			productReference = 5690D3E32B11883200FAF4DC /* Inventory.app */;
			productType = "com.apple.product-type.application";
		};
		5690D3F72B11883300FAF4DC /* InventoryTests */ = {
			isa = PBXNativeTarget;
			buildConfigurationList = 5690D40F2B11883300FAF4DC /* Build configuration list for PBXNativeTarget "InventoryTests" */;
			buildPhases = (
				5690D3F42B11883300FAF4DC /* Sources */,
				5690D3F52B11883300FAF4DC /* Frameworks */,
				5690D3F62B11883300FAF4DC /* Resources */,
			);
			buildRules = (
			);
			dependencies = (
				5690D3FA2B11883300FAF4DC /* PBXTargetDependency */,
			);
			name = InventoryTests;
			productName = InventoryTests;
			productReference = 5690D3F82B11883300FAF4DC /* InventoryTests.xctest */;
			productType = "com.apple.product-type.bundle.unit-test";
		};
		5690D4012B11883300FAF4DC /* InventoryUITests */ = {
			isa = PBXNativeTarget;
			buildConfigurationList = 5690D4122B11883300FAF4DC /* Build configuration list for PBXNativeTarget "InventoryUITests" */;
			buildPhases = (
				5690D3FE2B11883300FAF4DC /* Sources */,
				5690D3FF2B11883300FAF4DC /* Frameworks */,
				5690D4002B11883300FAF4DC /* Resources */,
			);
			buildRules = (
			);
			dependencies = (
				5690D4042B11883300FAF4DC /* PBXTargetDependency */,
			);
			name = InventoryUITests;
			productName = InventoryUITests;
			productReference = 5690D4022B11883300FAF4DC /* InventoryUITests.xctest */;
			productType = "com.apple.product-type.bundle.ui-testing";
		};
/* End PBXNativeTarget section */

/* Begin PBXProject section */
		5690D3DB2B11883200FAF4DC /* Project object */ = {
			isa = PBXProject;
			attributes = {
				BuildIndependentTargetsInParallel = 1;
				LastSwiftUpdateCheck = 1310;
				LastUpgradeCheck = 1310;
				TargetAttributes = {
					5690D3E22B11883200FAF4DC = {
						CreatedOnToolsVersion = 13.1;
					};
					5690D3F72B11883300FAF4DC = {
						CreatedOnToolsVersion = 13.1;
						TestTargetID = 5690D3E22B11883200FAF4DC;
					};
					5690D4012B11883300FAF4DC = {
						CreatedOnToolsVersion = 13.1;
						TestTargetID = 5690D3E22B11883200FAF4DC;
					};
				};
			};
			buildConfigurationList = 5690D3DE2B11883200FAF4DC /* Build configuration list for PBXProject "Inventory" */;
			compatibilityVersion = "Xcode 13.0";
			developmentRegion = en;
			hasScannedForEncodings = 0;
			knownRegions = (
				en,
				Base,
			);
			mainGroup = 5690D3DA2B11883200FAF4DC;
			productRefGroup = 5690D3E42B11883200FAF4DC /* Products */;
			projectDirPath = "";
			projectRoot = "";
			targets = (
				5690D3E22B11883200FAF4DC /* Inventory */,
				5690D3F72B11883300FAF4DC /* InventoryTests */,
				5690D4012B11883300FAF4DC /* InventoryUITests */,
			);
		};
/* End PBXProject section */

/* Begin PBXResourcesBuildPhase section */
		5690D3E12B11883200FAF4DC /* Resources */ = {
			isa = PBXResourcesBuildPhase;
			buildActionMask = 2147483647;
			files = (
				5690D3EE2B11883300FAF4DC /* Preview Assets.xcassets in Resources */,
				5690D3EB2B11883300FAF4DC /* Assets.xcassets in Resources */,
			);
			runOnlyForDeploymentPostprocessing = 0;
		};
		5690D3F62B11883300FAF4DC /* Resources */ = {
			isa = PBXResourcesBuildPhase;
			buildActionMask = 2147483647;
			files = (
			);
			runOnlyForDeploymentPostprocessing = 0;
		};
		5690D4002B11883300FAF4DC /* Resources */ = {
			isa = PBXResourcesBuildPhase;
			buildActionMask = 2147483647;
			files = (
			);
			runOnlyForDeploymentPostprocessing = 0;
		};
/* End PBXResourcesBuildPhase section */

/* Begin PBXSourcesBuildPhase section */
		5690D3DF2B11883200FAF4DC /* Sources */ = {
			isa = PBXSourcesBuildPhase;
			buildActionMask = 2147483647;
			files = (
				5690D4162B1188DE00FAF4DC /* ProductView.swift in Sources */,
				5690D3F32B11883300FAF4DC /* Inventory.xcdatamodeld in Sources */,
				5690D3F02B11883300FAF4DC /* Persistence.swift in Sources */,
				5690D3E92B11883200FAF4DC /* ContentView.swift in Sources */,
				5690D3E72B11883200FAF4DC /* InventoryApp.swift in Sources */,
			);
			runOnlyForDeploymentPostprocessing = 0;
		};
		5690D3F42B11883300FAF4DC /* Sources */ = {
			isa = PBXSourcesBuildPhase;
			buildActionMask = 2147483647;
			files = (
				5690D3FD2B11883300FAF4DC /* InventoryTests.swift in Sources */,
			);
			runOnlyForDeploymentPostprocessing = 0;
		};
		5690D3FE2B11883300FAF4DC /* Sources */ = {
			isa = PBXSourcesBuildPhase;
			buildActionMask = 2147483647;
			files = (
				5690D4072B11883300FAF4DC /* InventoryUITests.swift in Sources */,
				5690D4092B11883300FAF4DC /* InventoryUITestsLaunchTests.swift in Sources */,
			);
			runOnlyForDeploymentPostprocessing = 0;
		};
/* End PBXSourcesBuildPhase section */

/* Begin PBXTargetDependency section */
		5690D3FA2B11883300FAF4DC /* PBXTargetDependency */ = {
			isa = PBXTargetDependency;
			target = 5690D3E22B11883200FAF4DC /* Inventory */;
			targetProxy = 5690D3F92B11883300FAF4DC /* PBXContainerItemProxy */;
		};
		5690D4042B11883300FAF4DC /* PBXTargetDependency */ = {
			isa = PBXTargetDependency;
			target = 5690D3E22B11883200FAF4DC /* Inventory */;
			targetProxy = 5690D4032B11883300FAF4DC /* PBXContainerItemProxy */;
		};
/* End PBXTargetDependency section */

/* Begin XCBuildConfiguration section */
		5690D40A2B11883300FAF4DC /* Debug */ = {
			isa = XCBuildConfiguration;
			buildSettings = {
				ALWAYS_SEARCH_USER_PATHS = NO;
				CLANG_ANALYZER_NONNULL = YES;
				CLANG_ANALYZER_NUMBER_OBJECT_CONVERSION = YES_AGGRESSIVE;
				CLANG_CXX_LANGUAGE_STANDARD = "gnu++17";
				CLANG_CXX_LIBRARY = "libc++";
				CLANG_ENABLE_MODULES = YES;
				CLANG_ENABLE_OBJC_ARC = YES;
				CLANG_ENABLE_OBJC_WEAK = YES;
				CLANG_WARN_BLOCK_CAPTURE_AUTORELEASING = YES;
				CLANG_WARN_BOOL_CONVERSION = YES;
				CLANG_WARN_COMMA = YES;
				CLANG_WARN_CONSTANT_CONVERSION = YES;
				CLANG_WARN_DEPRECATED_OBJC_IMPLEMENTATIONS = YES;
				CLANG_WARN_DIRECT_OBJC_ISA_USAGE = YES_ERROR;
				CLANG_WARN_DOCUMENTATION_COMMENTS = YES;
				CLANG_WARN_EMPTY_BODY = YES;
				CLANG_WARN_ENUM_CONVERSION = YES;
				CLANG_WARN_INFINITE_RECURSION = YES;
				CLANG_WARN_INT_CONVERSION = YES;
				CLANG_WARN_NON_LITERAL_NULL_CONVERSION = YES;
				CLANG_WARN_OBJC_IMPLICIT_RETAIN_SELF = YES;
				CLANG_WARN_OBJC_LITERAL_CONVERSION = YES;
				CLANG_WARN_OBJC_ROOT_CLASS = YES_ERROR;
				CLANG_WARN_QUOTED_INCLUDE_IN_FRAMEWORK_HEADER = YES;
				CLANG_WARN_RANGE_LOOP_ANALYSIS = YES;
				CLANG_WARN_STRICT_PROTOTYPES = YES;
				CLANG_WARN_SUSPICIOUS_MOVE = YES;
				CLANG_WARN_UNGUARDED_AVAILABILITY = YES_AGGRESSIVE;
				CLANG_WARN_UNREACHABLE_CODE = YES;
				CLANG_WARN__DUPLICATE_METHOD_MATCH = YES;
				COPY_PHASE_STRIP = NO;
				DEBUG_INFORMATION_FORMAT = dwarf;
				ENABLE_STRICT_OBJC_MSGSEND = YES;
				ENABLE_TESTABILITY = YES;
				GCC_C_LANGUAGE_STANDARD = gnu11;
				GCC_DYNAMIC_NO_PIC = NO;
				GCC_NO_COMMON_BLOCKS = YES;
				GCC_OPTIMIZATION_LEVEL = 0;
				GCC_PREPROCESSOR_DEFINITIONS = (
					"DEBUG=1",
					"$(inherited)",
				);
				GCC_WARN_64_TO_32_BIT_CONVERSION = YES;
				GCC_WARN_ABOUT_RETURN_TYPE = YES_ERROR;
				GCC_WARN_UNDECLARED_SELECTOR = YES;
				GCC_WARN_UNINITIALIZED_AUTOS = YES_AGGRESSIVE;
				GCC_WARN_UNUSED_FUNCTION = YES;
				GCC_WARN_UNUSED_VARIABLE = YES;
				IPHONEOS_DEPLOYMENT_TARGET = 15.0;
				MTL_ENABLE_DEBUG_INFO = INCLUDE_SOURCE;
				MTL_FAST_MATH = YES;
				ONLY_ACTIVE_ARCH = YES;
				SDKROOT = iphoneos;
				SWIFT_ACTIVE_COMPILATION_CONDITIONS = DEBUG;
				SWIFT_OPTIMIZATION_LEVEL = "-Onone";
			};
			name = Debug;
		};
		5690D40B2B11883300FAF4DC /* Release */ = {
			isa = XCBuildConfiguration;
			buildSettings = {
				ALWAYS_SEARCH_USER_PATHS = NO;
				CLANG_ANALYZER_NONNULL = YES;
				CLANG_ANALYZER_NUMBER_OBJECT_CONVERSION = YES_AGGRESSIVE;
				CLANG_CXX_LANGUAGE_STANDARD = "gnu++17";
				CLANG_CXX_LIBRARY = "libc++";
				CLANG_ENABLE_MODULES = YES;
				CLANG_ENABLE_OBJC_ARC = YES;
				CLANG_ENABLE_OBJC_WEAK = YES;
				CLANG_WARN_BLOCK_CAPTURE_AUTORELEASING = YES;
				CLANG_WARN_BOOL_CONVERSION = YES;
				CLANG_WARN_COMMA = YES;
				CLANG_WARN_CONSTANT_CONVERSION = YES;
				CLANG_WARN_DEPRECATED_OBJC_IMPLEMENTATIONS = YES;
				CLANG_WARN_DIRECT_OBJC_ISA_USAGE = YES_ERROR;
				CLANG_WARN_DOCUMENTATION_COMMENTS = YES;
				CLANG_WARN_EMPTY_BODY = YES;
				CLANG_WARN_ENUM_CONVERSION = YES;
				CLANG_WARN_INFINITE_RECURSION = YES;
				CLANG_WARN_INT_CONVERSION = YES;
				CLANG_WARN_NON_LITERAL_NULL_CONVERSION = YES;
				CLANG_WARN_OBJC_IMPLICIT_RETAIN_SELF = YES;
				CLANG_WARN_OBJC_LITERAL_CONVERSION = YES;
				CLANG_WARN_OBJC_ROOT_CLASS = YES_ERROR;
				CLANG_WARN_QUOTED_INCLUDE_IN_FRAMEWORK_HEADER = YES;
				CLANG_WARN_RANGE_LOOP_ANALYSIS = YES;
				CLANG_WARN_STRICT_PROTOTYPES = YES;
				CLANG_WARN_SUSPICIOUS_MOVE = YES;
				CLANG_WARN_UNGUARDED_AVAILABILITY = YES_AGGRESSIVE;
				CLANG_WARN_UNREACHABLE_CODE = YES;
				CLANG_WARN__DUPLICATE_METHOD_MATCH = YES;
				COPY_PHASE_STRIP = NO;
				DEBUG_INFORMATION_FORMAT = "dwarf-with-dsym";
				ENABLE_NS_ASSERTIONS = NO;
				ENABLE_STRICT_OBJC_MSGSEND = YES;
				GCC_C_LANGUAGE_STANDARD = gnu11;
				GCC_NO_COMMON_BLOCKS = YES;
				GCC_WARN_64_TO_32_BIT_CONVERSION = YES;
				GCC_WARN_ABOUT_RETURN_TYPE = YES_ERROR;
				GCC_WARN_UNDECLARED_SELECTOR = YES;
				GCC_WARN_UNINITIALIZED_AUTOS = YES_AGGRESSIVE;
				GCC_WARN_UNUSED_FUNCTION = YES;
				GCC_WARN_UNUSED_VARIABLE = YES;
				IPHONEOS_DEPLOYMENT_TARGET = 15.0;
				MTL_ENABLE_DEBUG_INFO = NO;
				MTL_FAST_MATH = YES;
				SDKROOT = iphoneos;
				SWIFT_COMPILATION_MODE = wholemodule;
				SWIFT_OPTIMIZATION_LEVEL = "-O";
				VALIDATE_PRODUCT = YES;
			};
			name = Release;
		};
		5690D40D2B11883300FAF4DC /* Debug */ = {
			isa = XCBuildConfiguration;
			buildSettings = {
				ASSETCATALOG_COMPILER_APPICON_NAME = AppIcon;
				ASSETCATALOG_COMPILER_GLOBAL_ACCENT_COLOR_NAME = AccentColor;
				CODE_SIGN_STYLE = Automatic;
				CURRENT_PROJECT_VERSION = 1;
				DEVELOPMENT_ASSET_PATHS = "\"Inventory/Preview Content\"";
				DEVELOPMENT_TEAM = 455R9N9P49;
				ENABLE_PREVIEWS = YES;
				GENERATE_INFOPLIST_FILE = YES;
				INFOPLIST_KEY_UIApplicationSceneManifest_Generation = YES;
				INFOPLIST_KEY_UIApplicationSupportsIndirectInputEvents = YES;
				INFOPLIST_KEY_UILaunchScreen_Generation = YES;
				INFOPLIST_KEY_UISupportedInterfaceOrientations_iPad = "UIInterfaceOrientationPortrait UIInterfaceOrientationPortraitUpsideDown UIInterfaceOrientationLandscapeLeft UIInterfaceOrientationLandscapeRight";
				INFOPLIST_KEY_UISupportedInterfaceOrientations_iPhone = "UIInterfaceOrientationPortrait UIInterfaceOrientationLandscapeLeft UIInterfaceOrientationLandscapeRight";
				LD_RUNPATH_SEARCH_PATHS = (
					"$(inherited)",
					"@executable_path/Frameworks",
				);
				MARKETING_VERSION = 1.0;
				PRODUCT_BUNDLE_IDENTIFIER = Offering.Inventory;
				PRODUCT_NAME = "$(TARGET_NAME)";
				SWIFT_EMIT_LOC_STRINGS = YES;
				SWIFT_VERSION = 5.0;
				TARGETED_DEVICE_FAMILY = "1,2";
			};
			name = Debug;
		};
		5690D40E2B11883300FAF4DC /* Release */ = {
			isa = XCBuildConfiguration;
			buildSettings = {
				ASSETCATALOG_COMPILER_APPICON_NAME = AppIcon;
				ASSETCATALOG_COMPILER_GLOBAL_ACCENT_COLOR_NAME = AccentColor;
				CODE_SIGN_STYLE = Automatic;
				CURRENT_PROJECT_VERSION = 1;
				DEVELOPMENT_ASSET_PATHS = "\"Inventory/Preview Content\"";
				DEVELOPMENT_TEAM = 455R9N9P49;
				ENABLE_PREVIEWS = YES;
				GENERATE_INFOPLIST_FILE = YES;
				INFOPLIST_KEY_UIApplicationSceneManifest_Generation = YES;
				INFOPLIST_KEY_UIApplicationSupportsIndirectInputEvents = YES;
				INFOPLIST_KEY_UILaunchScreen_Generation = YES;
				INFOPLIST_KEY_UISupportedInterfaceOrientations_iPad = "UIInterfaceOrientationPortrait UIInterfaceOrientationPortraitUpsideDown UIInterfaceOrientationLandscapeLeft UIInterfaceOrientationLandscapeRight";
				INFOPLIST_KEY_UISupportedInterfaceOrientations_iPhone = "UIInterfaceOrientationPortrait UIInterfaceOrientationLandscapeLeft UIInterfaceOrientationLandscapeRight";
				LD_RUNPATH_SEARCH_PATHS = (
					"$(inherited)",
					"@executable_path/Frameworks",
				);
				MARKETING_VERSION = 1.0;
				PRODUCT_BUNDLE_IDENTIFIER = Offering.Inventory;
				PRODUCT_NAME = "$(TARGET_NAME)";
				SWIFT_EMIT_LOC_STRINGS = YES;
				SWIFT_VERSION = 5.0;
				TARGETED_DEVICE_FAMILY = "1,2";
			};
			name = Release;
		};
		5690D4102B11883300FAF4DC /* Debug */ = {
			isa = XCBuildConfiguration;
			buildSettings = {
				ALWAYS_EMBED_SWIFT_STANDARD_LIBRARIES = YES;
				BUNDLE_LOADER = "$(TEST_HOST)";
				CODE_SIGN_STYLE = Automatic;
				CURRENT_PROJECT_VERSION = 1;
				DEVELOPMENT_TEAM = 455R9N9P49;
				GENERATE_INFOPLIST_FILE = YES;
				IPHONEOS_DEPLOYMENT_TARGET = 15.0;
				LD_RUNPATH_SEARCH_PATHS = (
					"$(inherited)",
					"@executable_path/Frameworks",
					"@loader_path/Frameworks",
				);
				MARKETING_VERSION = 1.0;
				PRODUCT_BUNDLE_IDENTIFIER = Offering.InventoryTests;
				PRODUCT_NAME = "$(TARGET_NAME)";
				SWIFT_EMIT_LOC_STRINGS = NO;
				SWIFT_VERSION = 5.0;
				TARGETED_DEVICE_FAMILY = "1,2";
				TEST_HOST = "$(BUILT_PRODUCTS_DIR)/Inventory.app/Inventory";
			};
			name = Debug;
		};
		5690D4112B11883300FAF4DC /* Release */ = {
			isa = XCBuildConfiguration;
			buildSettings = {
				ALWAYS_EMBED_SWIFT_STANDARD_LIBRARIES = YES;
				BUNDLE_LOADER = "$(TEST_HOST)";
				CODE_SIGN_STYLE = Automatic;
				CURRENT_PROJECT_VERSION = 1;
				DEVELOPMENT_TEAM = 455R9N9P49;
				GENERATE_INFOPLIST_FILE = YES;
				IPHONEOS_DEPLOYMENT_TARGET = 15.0;
				LD_RUNPATH_SEARCH_PATHS = (
					"$(inherited)",
					"@executable_path/Frameworks",
					"@loader_path/Frameworks",
				);
				MARKETING_VERSION = 1.0;
				PRODUCT_BUNDLE_IDENTIFIER = Offering.InventoryTests;
				PRODUCT_NAME = "$(TARGET_NAME)";
				SWIFT_EMIT_LOC_STRINGS = NO;
				SWIFT_VERSION = 5.0;
				TARGETED_DEVICE_FAMILY = "1,2";
				TEST_HOST = "$(BUILT_PRODUCTS_DIR)/Inventory.app/Inventory";
			};
			name = Release;
		};
		5690D4132B11883300FAF4DC /* Debug */ = {
			isa = XCBuildConfiguration;
			buildSettings = {
				ALWAYS_EMBED_SWIFT_STANDARD_LIBRARIES = YES;
				CODE_SIGN_STYLE = Automatic;
				CURRENT_PROJECT_VERSION = 1;
				DEVELOPMENT_TEAM = 455R9N9P49;
				GENERATE_INFOPLIST_FILE = YES;
				LD_RUNPATH_SEARCH_PATHS = (
					"$(inherited)",
					"@executable_path/Frameworks",
					"@loader_path/Frameworks",
				);
				MARKETING_VERSION = 1.0;
				PRODUCT_BUNDLE_IDENTIFIER = Offering.InventoryUITests;
				PRODUCT_NAME = "$(TARGET_NAME)";
				SWIFT_EMIT_LOC_STRINGS = NO;
				SWIFT_VERSION = 5.0;
				TARGETED_DEVICE_FAMILY = "1,2";
				TEST_TARGET_NAME = Inventory;
			};
			name = Debug;
		};
		5690D4142B11883300FAF4DC /* Release */ = {
			isa = XCBuildConfiguration;
			buildSettings = {
				ALWAYS_EMBED_SWIFT_STANDARD_LIBRARIES = YES;
				CODE_SIGN_STYLE = Automatic;
				CURRENT_PROJECT_VERSION = 1;
				DEVELOPMENT_TEAM = 455R9N9P49;
				GENERATE_INFOPLIST_FILE = YES;
				LD_RUNPATH_SEARCH_PATHS = (
					"$(inherited)",
					"@executable_path/Frameworks",
					"@loader_path/Frameworks",
				);
				MARKETING_VERSION = 1.0;
				PRODUCT_BUNDLE_IDENTIFIER = Offering.InventoryUITests;
				PRODUCT_NAME = "$(TARGET_NAME)";
				SWIFT_EMIT_LOC_STRINGS = NO;
				SWIFT_VERSION = 5.0;
				TARGETED_DEVICE_FAMILY = "1,2";
				TEST_TARGET_NAME = Inventory;
			};
			name = Release;
		};
/* End XCBuildConfiguration section */

/* Begin XCConfigurationList section */
		5690D3DE2B11883200FAF4DC /* Build configuration list for PBXProject "Inventory" */ = {
			isa = XCConfigurationList;
			buildConfigurations = (
				5690D40A2B11883300FAF4DC /* Debug */,
				5690D40B2B11883300FAF4DC /* Release */,
			);
			defaultConfigurationIsVisible = 0;
			defaultConfigurationName = Release;
		};
		5690D40C2B11883300FAF4DC /* Build configuration list for PBXNativeTarget "Inventory" */ = {
			isa = XCConfigurationList;
			buildConfigurations = (
				5690D40D2B11883300FAF4DC /* Debug */,
				5690D40E2B11883300FAF4DC /* Release */,
			);
			defaultConfigurationIsVisible = 0;
			defaultConfigurationName = Release;
		};
		5690D40F2B11883300FAF4DC /* Build configuration list for PBXNativeTarget "InventoryTests" */ = {
			isa = XCConfigurationList;
			buildConfigurations = (
				5690D4102B11883300FAF4DC /* Debug */,
				5690D4112B11883300FAF4DC /* Release */,
			);
			defaultConfigurationIsVisible = 0;
			defaultConfigurationName = Release;
		};
		5690D4122B11883300FAF4DC /* Build configuration list for PBXNativeTarget "InventoryUITests" */ = {
			isa = XCConfigurationList;
			buildConfigurations = (
				5690D4132B11883300FAF4DC /* Debug */,
				5690D4142B11883300FAF4DC /* Release */,
			);
			defaultConfigurationIsVisible = 0;
			defaultConfigurationName = Release;
		};
/* End XCConfigurationList section */

/* Begin XCVersionGroup section */
		5690D3F12B11883300FAF4DC /* Inventory.xcdatamodeld */ = {
			isa = XCVersionGroup;
			children = (
				5690D3F22B11883300FAF4DC /* Inventory.xcdatamodel */,
			);
			currentVersion = 5690D3F22B11883300FAF4DC /* Inventory.xcdatamodel */;
			path = Inventory.xcdatamodeld;
			sourceTree = "<group>";
			versionGroupType = wrapper.xcdatamodel;
		};
/* End XCVersionGroup section */
	};
	rootObject = 5690D3DB2B11883200FAF4DC /* Project object */;
}
